// !$*UTF8*$!
{
	archiveVersion = 1;
	classes = {
	};
	objectVersion = 51;
	objects = {

/* Begin PBXBuildFile section */

		ECDE61680C5E8255A13384E9 /* Pods_life_bookstore.framework in Frameworks */ = {isa = PBXBuildFile; fileRef = 028B524B840FE393BA7718B6 /* Pods_life_bookstore.framework */; };
		FD2C831A2524E6C500F53D09 /* Arita-buriL.otf in Resources */ = {isa = PBXBuildFile; fileRef = FD2C83132524E6C500F53D09 /* Arita-buriL.otf */; };
		FD2C831B2524E6C500F53D09 /* BareunBatangOTFPro-1.otf in Resources */ = {isa = PBXBuildFile; fileRef = FD2C83142524E6C500F53D09 /* BareunBatangOTFPro-1.otf */; };
		FD2C831D2524E6C500F53D09 /* Arita-buriHL.otf in Resources */ = {isa = PBXBuildFile; fileRef = FD2C83162524E6C500F53D09 /* Arita-buriHL.otf */; };
		FD2C831E2524E6C500F53D09 /* Arita-buriB.otf in Resources */ = {isa = PBXBuildFile; fileRef = FD2C83172524E6C500F53D09 /* Arita-buriB.otf */; };
		FD2C831F2524E6C500F53D09 /* Arita-buriM.otf in Resources */ = {isa = PBXBuildFile; fileRef = FD2C83182524E6C500F53D09 /* Arita-buriM.otf */; };
		FD2C83202524E6C500F53D09 /* BareunBatangOTFPro-2.otf in Resources */ = {isa = PBXBuildFile; fileRef = FD2C83192524E6C500F53D09 /* BareunBatangOTFPro-2.otf */; };
		FD7F36462525EC09008ADA28 /* Arita-buriSB.otf in Resources */ = {isa = PBXBuildFile; fileRef = FD7F36452525EC09008ADA28 /* Arita-buriSB.otf */; };
		FDB966EA25669FDE00DED224 /* DataModel + Realm.swift in Sources */ = {isa = PBXBuildFile; fileRef = FDB966E925669FDE00DED224 /* DataModel + Realm.swift */; };
		FDD4364E2524E7D000F96D9E /* Arita-buriSB.otf in Resources */ = {isa = PBXBuildFile; fileRef = FDD436502524E7D000F96D9E /* Arita-buriSB.otf */; };
		FDD4365B25257BE400F96D9E /* alertScreenExtension.swift in Sources */ = {isa = PBXBuildFile; fileRef = FDD4365A25257BE400F96D9E /* alertScreenExtension.swift */; };
		FDD4366D2525A15000F96D9E /* CategoryContainerCollectionCell.swift in Sources */ = {isa = PBXBuildFile; fileRef = FDD4366C2525A15000F96D9E /* CategoryContainerCollectionCell.swift */; };
		FDD436702525A1D700F96D9E /* ShelfContainerCollectionCell.swift in Sources */ = {isa = PBXBuildFile; fileRef = FDD4366F2525A1D700F96D9E /* ShelfContainerCollectionCell.swift */; };
		FDD436732525A20C00F96D9E /* BookContainerCollectionCell.swift in Sources */ = {isa = PBXBuildFile; fileRef = FDD436722525A20C00F96D9E /* BookContainerCollectionCell.swift */; };
		FDD436762525D46D00F96D9E /* AddCategoryButtonCell.swift in Sources */ = {isa = PBXBuildFile; fileRef = FDD436752525D46D00F96D9E /* AddCategoryButtonCell.swift */; };
		FDE8AE4224FE003400DC690D /* AppDelegate.swift in Sources */ = {isa = PBXBuildFile; fileRef = FDE8AE4124FE003400DC690D /* AppDelegate.swift */; };
		FDE8AE4424FE003400DC690D /* SceneDelegate.swift in Sources */ = {isa = PBXBuildFile; fileRef = FDE8AE4324FE003400DC690D /* SceneDelegate.swift */; };
		FDE8AE4624FE003400DC690D /* ViewController.swift in Sources */ = {isa = PBXBuildFile; fileRef = FDE8AE4524FE003400DC690D /* ViewController.swift */; };
		FDE8AE4924FE003400DC690D /* Main.storyboard in Resources */ = {isa = PBXBuildFile; fileRef = FDE8AE4724FE003400DC690D /* Main.storyboard */; };
		FDE8AE4B24FE003700DC690D /* Assets.xcassets in Resources */ = {isa = PBXBuildFile; fileRef = FDE8AE4A24FE003700DC690D /* Assets.xcassets */; };
		FDE8AE4E24FE003700DC690D /* LaunchScreen.storyboard in Resources */ = {isa = PBXBuildFile; fileRef = FDE8AE4C24FE003700DC690D /* LaunchScreen.storyboard */; };
		FDE8AE5A24FE011800DC690D /* bookWrite.storyboard in Resources */ = {isa = PBXBuildFile; fileRef = FDE8AE5924FE011800DC690D /* bookWrite.storyboard */; };
		FDE8AE5C24FE012100DC690D /* bookSearch.storyboard in Resources */ = {isa = PBXBuildFile; fileRef = FDE8AE5B24FE012100DC690D /* bookSearch.storyboard */; };
		FDE8AE5E24FE013100DC690D /* bookDetail.storyboard in Resources */ = {isa = PBXBuildFile; fileRef = FDE8AE5D24FE013100DC690D /* bookDetail.storyboard */; };
		FDE8AE6624FE074100DC690D /* BookWriteViewController.swift in Sources */ = {isa = PBXBuildFile; fileRef = FDE8AE6524FE074100DC690D /* BookWriteViewController.swift */; };
		FDE8AE6924FE075000DC690D /* BookSearchViewController.swift in Sources */ = {isa = PBXBuildFile; fileRef = FDE8AE6824FE075000DC690D /* BookSearchViewController.swift */; };
		FDE8AE6B24FE076400DC690D /* BookDetailViewController.swift in Sources */ = {isa = PBXBuildFile; fileRef = FDE8AE6A24FE076400DC690D /* BookDetailViewController.swift */; };
/* End PBXBuildFile section */

/* Begin PBXFileReference section */
		028B524B840FE393BA7718B6 /* Pods_life_bookstore.framework */ = {isa = PBXFileReference; explicitFileType = wrapper.framework; includeInIndex = 0; path = Pods_life_bookstore.framework; sourceTree = BUILT_PRODUCTS_DIR; };
		48C46559DB43971FA6FBEEB5 /* Pods-life_bookstore.debug.xcconfig */ = {isa = PBXFileReference; includeInIndex = 1; lastKnownFileType = text.xcconfig; name = "Pods-life_bookstore.debug.xcconfig"; path = "Target Support Files/Pods-life_bookstore/Pods-life_bookstore.debug.xcconfig"; sourceTree = "<group>"; };
		79AFBCE7BC67CD4B77A621AB /* Pods-life_bookstore.release.xcconfig */ = {isa = PBXFileReference; includeInIndex = 1; lastKnownFileType = text.xcconfig; name = "Pods-life_bookstore.release.xcconfig"; path = "Target Support Files/Pods-life_bookstore/Pods-life_bookstore.release.xcconfig"; sourceTree = "<group>"; };

		FD2C83132524E6C500F53D09 /* Arita-buriL.otf */ = {isa = PBXFileReference; lastKnownFileType = file; path = "Arita-buriL.otf"; sourceTree = "<group>"; };
		FD2C83142524E6C500F53D09 /* BareunBatangOTFPro-1.otf */ = {isa = PBXFileReference; lastKnownFileType = file; path = "BareunBatangOTFPro-1.otf"; sourceTree = "<group>"; };
		FD2C83162524E6C500F53D09 /* Arita-buriHL.otf */ = {isa = PBXFileReference; lastKnownFileType = file; path = "Arita-buriHL.otf"; sourceTree = "<group>"; };
		FD2C83172524E6C500F53D09 /* Arita-buriB.otf */ = {isa = PBXFileReference; lastKnownFileType = file; path = "Arita-buriB.otf"; sourceTree = "<group>"; };
		FD2C83182524E6C500F53D09 /* Arita-buriM.otf */ = {isa = PBXFileReference; lastKnownFileType = file; path = "Arita-buriM.otf"; sourceTree = "<group>"; };
		FD2C83192524E6C500F53D09 /* BareunBatangOTFPro-2.otf */ = {isa = PBXFileReference; lastKnownFileType = file; path = "BareunBatangOTFPro-2.otf"; sourceTree = "<group>"; };
		FD7F36452525EC09008ADA28 /* Arita-buriSB.otf */ = {isa = PBXFileReference; lastKnownFileType = file; name = "Arita-buriSB.otf"; path = "life_bookstore/fonts/Arita-buriSB.otf"; sourceTree = "<group>"; };
		FDB966E925669FDE00DED224 /* DataModel + Realm.swift */ = {isa = PBXFileReference; lastKnownFileType = sourcecode.swift; path = "DataModel + Realm.swift"; sourceTree = "<group>"; };
		FDD4364F2524E7D000F96D9E /* Base */ = {isa = PBXFileReference; lastKnownFileType = file; name = Base; path = "Base.lproj/Arita-buriSB.otf"; sourceTree = "<group>"; };
		FDD4365A25257BE400F96D9E /* alertScreenExtension.swift */ = {isa = PBXFileReference; lastKnownFileType = sourcecode.swift; path = alertScreenExtension.swift; sourceTree = "<group>"; };
		FDD4366C2525A15000F96D9E /* CategoryContainerCollectionCell.swift */ = {isa = PBXFileReference; lastKnownFileType = sourcecode.swift; path = CategoryContainerCollectionCell.swift; sourceTree = "<group>"; };
		FDD4366F2525A1D700F96D9E /* ShelfContainerCollectionCell.swift */ = {isa = PBXFileReference; lastKnownFileType = sourcecode.swift; path = ShelfContainerCollectionCell.swift; sourceTree = "<group>"; };
		FDD436722525A20C00F96D9E /* BookContainerCollectionCell.swift */ = {isa = PBXFileReference; lastKnownFileType = sourcecode.swift; path = BookContainerCollectionCell.swift; sourceTree = "<group>"; };
		FDD436752525D46D00F96D9E /* AddCategoryButtonCell.swift */ = {isa = PBXFileReference; lastKnownFileType = sourcecode.swift; path = AddCategoryButtonCell.swift; sourceTree = "<group>"; };
		FDE8AE3E24FE003400DC690D /* life_bookstore.app */ = {isa = PBXFileReference; explicitFileType = wrapper.application; includeInIndex = 0; path = life_bookstore.app; sourceTree = BUILT_PRODUCTS_DIR; };
		FDE8AE4124FE003400DC690D /* AppDelegate.swift */ = {isa = PBXFileReference; lastKnownFileType = sourcecode.swift; path = AppDelegate.swift; sourceTree = "<group>"; };
		FDE8AE4324FE003400DC690D /* SceneDelegate.swift */ = {isa = PBXFileReference; lastKnownFileType = sourcecode.swift; path = SceneDelegate.swift; sourceTree = "<group>"; };
		FDE8AE4524FE003400DC690D /* ViewController.swift */ = {isa = PBXFileReference; lastKnownFileType = sourcecode.swift; name = ViewController.swift; path = ../ViewController.swift; sourceTree = "<group>"; };
		FDE8AE4824FE003400DC690D /* Base */ = {isa = PBXFileReference; lastKnownFileType = file.storyboard; name = Base; path = Base.lproj/Main.storyboard; sourceTree = "<group>"; };
		FDE8AE4A24FE003700DC690D /* Assets.xcassets */ = {isa = PBXFileReference; lastKnownFileType = folder.assetcatalog; path = Assets.xcassets; sourceTree = "<group>"; };
		FDE8AE4D24FE003700DC690D /* Base */ = {isa = PBXFileReference; lastKnownFileType = file.storyboard; name = Base; path = Base.lproj/LaunchScreen.storyboard; sourceTree = "<group>"; };
		FDE8AE4F24FE003700DC690D /* Info.plist */ = {isa = PBXFileReference; lastKnownFileType = text.plist.xml; path = Info.plist; sourceTree = "<group>"; };
		FDE8AE5924FE011800DC690D /* bookWrite.storyboard */ = {isa = PBXFileReference; lastKnownFileType = file.storyboard; path = bookWrite.storyboard; sourceTree = "<group>"; };
		FDE8AE5B24FE012100DC690D /* bookSearch.storyboard */ = {isa = PBXFileReference; lastKnownFileType = file.storyboard; path = bookSearch.storyboard; sourceTree = "<group>"; };
		FDE8AE5D24FE013100DC690D /* bookDetail.storyboard */ = {isa = PBXFileReference; lastKnownFileType = file.storyboard; path = bookDetail.storyboard; sourceTree = "<group>"; };
		FDE8AE6524FE074100DC690D /* BookWriteViewController.swift */ = {isa = PBXFileReference; lastKnownFileType = sourcecode.swift; path = BookWriteViewController.swift; sourceTree = "<group>"; };
		FDE8AE6824FE075000DC690D /* BookSearchViewController.swift */ = {isa = PBXFileReference; lastKnownFileType = sourcecode.swift; path = BookSearchViewController.swift; sourceTree = "<group>"; };
		FDE8AE6A24FE076400DC690D /* BookDetailViewController.swift */ = {isa = PBXFileReference; lastKnownFileType = sourcecode.swift; path = BookDetailViewController.swift; sourceTree = "<group>"; };
/* End PBXFileReference section */

/* Begin PBXFrameworksBuildPhase section */
		FDE8AE3B24FE003400DC690D /* Frameworks */ = {
			isa = PBXFrameworksBuildPhase;
			buildActionMask = 2147483647;
			files = (
				ECDE61680C5E8255A13384E9 /* Pods_life_bookstore.framework in Frameworks */,

			);
			runOnlyForDeploymentPostprocessing = 0;
		};
/* End PBXFrameworksBuildPhase section */

/* Begin PBXGroup section */
		22FCFCB7C688447ABA54BDE7 /* Pods */ = {
			isa = PBXGroup;
			children = (
				48C46559DB43971FA6FBEEB5 /* Pods-life_bookstore.debug.xcconfig */,
				79AFBCE7BC67CD4B77A621AB /* Pods-life_bookstore.release.xcconfig */,

			);
			path = Pods;
			sourceTree = "<group>";
		};
		67A6133BE2A5659C3DDF8774 /* Frameworks */ = {
			isa = PBXGroup;
			children = (
				028B524B840FE393BA7718B6 /* Pods_life_bookstore.framework */,

			);
			name = Frameworks;
			sourceTree = "<group>";
		};
		FD2C83222524E6C900F53D09 /* fonts */ = {
			isa = PBXGroup;
			children = (
				FD2C83172524E6C500F53D09 /* Arita-buriB.otf */,
				FD2C83162524E6C500F53D09 /* Arita-buriHL.otf */,
				FD2C83132524E6C500F53D09 /* Arita-buriL.otf */,
				FD2C83182524E6C500F53D09 /* Arita-buriM.otf */,
				FDD436502524E7D000F96D9E /* Arita-buriSB.otf */,
				FD2C83142524E6C500F53D09 /* BareunBatangOTFPro-1.otf */,
				FD2C83192524E6C500F53D09 /* BareunBatangOTFPro-2.otf */,
			);
			path = fonts;
			sourceTree = "<group>";
		};
		FDD43652252578EF00F96D9E /* Cell */ = {
			isa = PBXGroup;
			children = (
				FDD4366C2525A15000F96D9E /* CategoryContainerCollectionCell.swift */,
				FDD4366F2525A1D700F96D9E /* ShelfContainerCollectionCell.swift */,
				FDD436722525A20C00F96D9E /* BookContainerCollectionCell.swift */,
				FDD436752525D46D00F96D9E /* AddCategoryButtonCell.swift */,
			);
			path = Cell;
			sourceTree = "<group>";
		};
		FDD4365425257B8400F96D9E /* Model */ = {
			isa = PBXGroup;
			children = (
				FDB966E925669FDE00DED224 /* DataModel + Realm.swift */,
			);
			path = Model;
			sourceTree = "<group>";
		};
		FDD4365925257BBC00F96D9E /* Extension */ = {
			isa = PBXGroup;
			children = (
				FDD4365A25257BE400F96D9E /* alertScreenExtension.swift */,
			);
			path = Extension;
			sourceTree = "<group>";
		};
		FDE8AE3524FE003400DC690D = {
			isa = PBXGroup;
			children = (
				FD7F36452525EC09008ADA28 /* Arita-buriSB.otf */,
				FDE8AE4024FE003400DC690D /* life_bookstore */,
				FDE8AE3F24FE003400DC690D /* Products */,
				22FCFCB7C688447ABA54BDE7 /* Pods */,
				67A6133BE2A5659C3DDF8774 /* Frameworks */,

			);
			sourceTree = "<group>";
		};
		FDE8AE3F24FE003400DC690D /* Products */ = {
			isa = PBXGroup;
			children = (
				FDE8AE3E24FE003400DC690D /* life_bookstore.app */,
			);
			name = Products;
			sourceTree = "<group>";
		};
		FDE8AE4024FE003400DC690D /* life_bookstore */ = {
			isa = PBXGroup;
			children = (
				FDD4365925257BBC00F96D9E /* Extension */,
				FD2C83222524E6C900F53D09 /* fonts */,
				FDE8AE5624FE006100DC690D /* Source */,
				FDE8AE5524FE004900DC690D /* Resource */,
				FDE8AE4F24FE003700DC690D /* Info.plist */,
			);
			path = life_bookstore;
			sourceTree = "<group>";
		};
		FDE8AE5524FE004900DC690D /* Resource */ = {
			isa = PBXGroup;
			children = (
				FDD4365425257B8400F96D9E /* Model */,
				FDE8AE4A24FE003700DC690D /* Assets.xcassets */,
				FDE8AE5724FE007800DC690D /* Storyboard */,
			);
			path = Resource;
			sourceTree = "<group>";
		};
		FDE8AE5624FE006100DC690D /* Source */ = {
			isa = PBXGroup;
			children = (
				FDE8AE4324FE003400DC690D /* SceneDelegate.swift */,
				FDE8AE4124FE003400DC690D /* AppDelegate.swift */,
				FDE8AE5824FE009400DC690D /* VC */,
			);
			path = Source;
			sourceTree = "<group>";
		};
		FDE8AE5724FE007800DC690D /* Storyboard */ = {
			isa = PBXGroup;
			children = (
				FDE8AE4C24FE003700DC690D /* LaunchScreen.storyboard */,
				FDE8AE4724FE003400DC690D /* Main.storyboard */,
				FDE8AE5924FE011800DC690D /* bookWrite.storyboard */,
				FDE8AE5B24FE012100DC690D /* bookSearch.storyboard */,
				FDE8AE5D24FE013100DC690D /* bookDetail.storyboard */,
			);
			path = Storyboard;
			sourceTree = "<group>";
		};
		FDE8AE5824FE009400DC690D /* VC */ = {
			isa = PBXGroup;
			children = (
				FDE8AE6424FE071F00DC690D /* DetailView */,
				FDE8AE6324FE071A00DC690D /* Search */,
				FDE8AE6224FE071700DC690D /* Write */,
				FDE8AE6124FE071000DC690D /* Home */,
			);
			path = VC;
			sourceTree = "<group>";
		};
		FDE8AE6124FE071000DC690D /* Home */ = {
			isa = PBXGroup;
			children = (
				FDD43652252578EF00F96D9E /* Cell */,
				FDE8AE4524FE003400DC690D /* ViewController.swift */,
			);
			path = Home;
			sourceTree = "<group>";
		};
		FDE8AE6224FE071700DC690D /* Write */ = {
			isa = PBXGroup;
			children = (
				FDE8AE6524FE074100DC690D /* BookWriteViewController.swift */,
			);
			path = Write;
			sourceTree = "<group>";
		};
		FDE8AE6324FE071A00DC690D /* Search */ = {
			isa = PBXGroup;
			children = (
				FDE8AE6824FE075000DC690D /* BookSearchViewController.swift */,
			);
			path = Search;
			sourceTree = "<group>";
		};
		FDE8AE6424FE071F00DC690D /* DetailView */ = {
			isa = PBXGroup;
			children = (
				FDE8AE6A24FE076400DC690D /* BookDetailViewController.swift */,
			);
			path = DetailView;
			sourceTree = "<group>";
		};
/* End PBXGroup section */

/* Begin PBXNativeTarget section */
		FDE8AE3D24FE003400DC690D /* life_bookstore */ = {
			isa = PBXNativeTarget;
			buildConfigurationList = FDE8AE5224FE003700DC690D /* Build configuration list for PBXNativeTarget "life_bookstore" */;
			buildPhases = (
				B8A65A9D2C68A89F84AAF097 /* [CP] Check Pods Manifest.lock */,
				FDE8AE3A24FE003400DC690D /* Sources */,
				FDE8AE3B24FE003400DC690D /* Frameworks */,
				FDE8AE3C24FE003400DC690D /* Resources */,
				AA8C64F1C25EC5EEE5E757E1 /* [CP] Embed Pods Frameworks */,

			);
			buildRules = (
			);
			dependencies = (
			);
			name = life_bookstore;
			productName = life_bookstore;
			productReference = FDE8AE3E24FE003400DC690D /* life_bookstore.app */;
			productType = "com.apple.product-type.application";
		};
/* End PBXNativeTarget section */

/* Begin PBXProject section */
		FDE8AE3624FE003400DC690D /* Project object */ = {
			isa = PBXProject;
			attributes = {
				LastSwiftUpdateCheck = 1160;
				LastUpgradeCheck = 1160;
				ORGANIZATIONNAME = "송지훈";
				TargetAttributes = {
					FDE8AE3D24FE003400DC690D = {
						CreatedOnToolsVersion = 11.6;
					};
				};
			};
			buildConfigurationList = FDE8AE3924FE003400DC690D /* Build configuration list for PBXProject "life_bookstore" */;
			compatibilityVersion = "Xcode 9.3";
			developmentRegion = en;
			hasScannedForEncodings = 0;
			knownRegions = (
				en,
				Base,
			);
			mainGroup = FDE8AE3524FE003400DC690D;
			productRefGroup = FDE8AE3F24FE003400DC690D /* Products */;
			projectDirPath = "";
			projectRoot = "";
			targets = (
				FDE8AE3D24FE003400DC690D /* life_bookstore */,
			);
		};
/* End PBXProject section */

/* Begin PBXResourcesBuildPhase section */
		FDE8AE3C24FE003400DC690D /* Resources */ = {
			isa = PBXResourcesBuildPhase;
			buildActionMask = 2147483647;
			files = (
				FD7F36462525EC09008ADA28 /* Arita-buriSB.otf in Resources */,
				FDE8AE4E24FE003700DC690D /* LaunchScreen.storyboard in Resources */,
				FDD4364E2524E7D000F96D9E /* Arita-buriSB.otf in Resources */,
				FD2C831B2524E6C500F53D09 /* BareunBatangOTFPro-1.otf in Resources */,
				FD2C83202524E6C500F53D09 /* BareunBatangOTFPro-2.otf in Resources */,
				FDE8AE5A24FE011800DC690D /* bookWrite.storyboard in Resources */,
				FDE8AE5E24FE013100DC690D /* bookDetail.storyboard in Resources */,
				FDE8AE4B24FE003700DC690D /* Assets.xcassets in Resources */,
				FD2C831E2524E6C500F53D09 /* Arita-buriB.otf in Resources */,
				FD2C831F2524E6C500F53D09 /* Arita-buriM.otf in Resources */,
				FD2C831A2524E6C500F53D09 /* Arita-buriL.otf in Resources */,
				FD2C831D2524E6C500F53D09 /* Arita-buriHL.otf in Resources */,
				FDE8AE4924FE003400DC690D /* Main.storyboard in Resources */,
				FDE8AE5C24FE012100DC690D /* bookSearch.storyboard in Resources */,
			);
			runOnlyForDeploymentPostprocessing = 0;
		};
/* End PBXResourcesBuildPhase section */

/* Begin PBXShellScriptBuildPhase section */
		AA8C64F1C25EC5EEE5E757E1 /* [CP] Embed Pods Frameworks */ = {

			isa = PBXShellScriptBuildPhase;
			buildActionMask = 2147483647;
			files = (
			);
			inputFileListPaths = (
				"${PODS_ROOT}/Target Support Files/Pods-life_bookstore/Pods-life_bookstore-frameworks-${CONFIGURATION}-input-files.xcfilelist",
			);
			name = "[CP] Embed Pods Frameworks";
			outputFileListPaths = (
				"${PODS_ROOT}/Target Support Files/Pods-life_bookstore/Pods-life_bookstore-frameworks-${CONFIGURATION}-output-files.xcfilelist",
			);
			runOnlyForDeploymentPostprocessing = 0;
			shellPath = /bin/sh;
			shellScript = "\"${PODS_ROOT}/Target Support Files/Pods-life_bookstore/Pods-life_bookstore-frameworks.sh\"\n";
			showEnvVarsInLog = 0;
		};
		B8A65A9D2C68A89F84AAF097 /* [CP] Check Pods Manifest.lock */ = {

			isa = PBXShellScriptBuildPhase;
			buildActionMask = 2147483647;
			files = (
			);
			inputFileListPaths = (
			);
			inputPaths = (
				"${PODS_PODFILE_DIR_PATH}/Podfile.lock",
				"${PODS_ROOT}/Manifest.lock",
			);
			name = "[CP] Check Pods Manifest.lock";
			outputFileListPaths = (
			);
			outputPaths = (
				"$(DERIVED_FILE_DIR)/Pods-life_bookstore-checkManifestLockResult.txt",
			);
			runOnlyForDeploymentPostprocessing = 0;
			shellPath = /bin/sh;
			shellScript = "diff \"${PODS_PODFILE_DIR_PATH}/Podfile.lock\" \"${PODS_ROOT}/Manifest.lock\" > /dev/null\nif [ $? != 0 ] ; then\n    # print error to STDERR\n    echo \"error: The sandbox is not in sync with the Podfile.lock. Run 'pod install' or update your CocoaPods installation.\" >&2\n    exit 1\nfi\n# This output is used by Xcode 'outputs' to avoid re-running this script phase.\necho \"SUCCESS\" > \"${SCRIPT_OUTPUT_FILE_0}\"\n";
			showEnvVarsInLog = 0;
		};
/* End PBXShellScriptBuildPhase section */

/* Begin PBXSourcesBuildPhase section */
		FDE8AE3A24FE003400DC690D /* Sources */ = {
			isa = PBXSourcesBuildPhase;
			buildActionMask = 2147483647;
			files = (
				FDE8AE4624FE003400DC690D /* ViewController.swift in Sources */,
				FDE8AE6624FE074100DC690D /* BookWriteViewController.swift in Sources */,
				FDD4365B25257BE400F96D9E /* alertScreenExtension.swift in Sources */,
				FDE8AE6B24FE076400DC690D /* BookDetailViewController.swift in Sources */,
				FDE8AE6924FE075000DC690D /* BookSearchViewController.swift in Sources */,
				FDD436762525D46D00F96D9E /* AddCategoryButtonCell.swift in Sources */,
				FDD436732525A20C00F96D9E /* BookContainerCollectionCell.swift in Sources */,
				FDE8AE4224FE003400DC690D /* AppDelegate.swift in Sources */,
				FDB966EA25669FDE00DED224 /* DataModel + Realm.swift in Sources */,
				FDE8AE4424FE003400DC690D /* SceneDelegate.swift in Sources */,
				FDD436702525A1D700F96D9E /* ShelfContainerCollectionCell.swift in Sources */,
				FDD4366D2525A15000F96D9E /* CategoryContainerCollectionCell.swift in Sources */,
			);
			runOnlyForDeploymentPostprocessing = 0;
		};
/* End PBXSourcesBuildPhase section */

/* Begin PBXVariantGroup section */
		FDD436502524E7D000F96D9E /* Arita-buriSB.otf */ = {
			isa = PBXVariantGroup;
			children = (
				FDD4364F2524E7D000F96D9E /* Base */,
			);
			name = "Arita-buriSB.otf";
			sourceTree = "<group>";
		};
		FDE8AE4724FE003400DC690D /* Main.storyboard */ = {
			isa = PBXVariantGroup;
			children = (
				FDE8AE4824FE003400DC690D /* Base */,
			);
			name = Main.storyboard;
			sourceTree = "<group>";
		};
		FDE8AE4C24FE003700DC690D /* LaunchScreen.storyboard */ = {
			isa = PBXVariantGroup;
			children = (
				FDE8AE4D24FE003700DC690D /* Base */,
			);
			name = LaunchScreen.storyboard;
			sourceTree = "<group>";
		};
/* End PBXVariantGroup section */

/* Begin XCBuildConfiguration section */
		FDE8AE5024FE003700DC690D /* Debug */ = {
			isa = XCBuildConfiguration;
			buildSettings = {
				ALWAYS_SEARCH_USER_PATHS = NO;
				CLANG_ANALYZER_NONNULL = YES;
				CLANG_ANALYZER_NUMBER_OBJECT_CONVERSION = YES_AGGRESSIVE;
				CLANG_CXX_LANGUAGE_STANDARD = "gnu++14";
				CLANG_CXX_LIBRARY = "libc++";
				CLANG_ENABLE_MODULES = YES;
				CLANG_ENABLE_OBJC_ARC = YES;
				CLANG_ENABLE_OBJC_WEAK = YES;
				CLANG_WARN_BLOCK_CAPTURE_AUTORELEASING = YES;
				CLANG_WARN_BOOL_CONVERSION = YES;
				CLANG_WARN_COMMA = YES;
				CLANG_WARN_CONSTANT_CONVERSION = YES;
				CLANG_WARN_DEPRECATED_OBJC_IMPLEMENTATIONS = YES;
				CLANG_WARN_DIRECT_OBJC_ISA_USAGE = YES_ERROR;
				CLANG_WARN_DOCUMENTATION_COMMENTS = YES;
				CLANG_WARN_EMPTY_BODY = YES;
				CLANG_WARN_ENUM_CONVERSION = YES;
				CLANG_WARN_INFINITE_RECURSION = YES;
				CLANG_WARN_INT_CONVERSION = YES;
				CLANG_WARN_NON_LITERAL_NULL_CONVERSION = YES;
				CLANG_WARN_OBJC_IMPLICIT_RETAIN_SELF = YES;
				CLANG_WARN_OBJC_LITERAL_CONVERSION = YES;
				CLANG_WARN_OBJC_ROOT_CLASS = YES_ERROR;
				CLANG_WARN_RANGE_LOOP_ANALYSIS = YES;
				CLANG_WARN_STRICT_PROTOTYPES = YES;
				CLANG_WARN_SUSPICIOUS_MOVE = YES;
				CLANG_WARN_UNGUARDED_AVAILABILITY = YES_AGGRESSIVE;
				CLANG_WARN_UNREACHABLE_CODE = YES;
				CLANG_WARN__DUPLICATE_METHOD_MATCH = YES;
				COPY_PHASE_STRIP = NO;
				DEBUG_INFORMATION_FORMAT = dwarf;
				ENABLE_STRICT_OBJC_MSGSEND = YES;
				ENABLE_TESTABILITY = YES;
				GCC_C_LANGUAGE_STANDARD = gnu11;
				GCC_DYNAMIC_NO_PIC = NO;
				GCC_NO_COMMON_BLOCKS = YES;
				GCC_OPTIMIZATION_LEVEL = 0;
				GCC_PREPROCESSOR_DEFINITIONS = (
					"DEBUG=1",
					"$(inherited)",
				);
				GCC_WARN_64_TO_32_BIT_CONVERSION = YES;
				GCC_WARN_ABOUT_RETURN_TYPE = YES_ERROR;
				GCC_WARN_UNDECLARED_SELECTOR = YES;
				GCC_WARN_UNINITIALIZED_AUTOS = YES_AGGRESSIVE;
				GCC_WARN_UNUSED_FUNCTION = YES;
				GCC_WARN_UNUSED_VARIABLE = YES;
				IPHONEOS_DEPLOYMENT_TARGET = 13.6;
				MTL_ENABLE_DEBUG_INFO = INCLUDE_SOURCE;
				MTL_FAST_MATH = YES;
				ONLY_ACTIVE_ARCH = YES;
				SDKROOT = iphoneos;
				SWIFT_ACTIVE_COMPILATION_CONDITIONS = DEBUG;
				SWIFT_OPTIMIZATION_LEVEL = "-Onone";
			};
			name = Debug;
		};
		FDE8AE5124FE003700DC690D /* Release */ = {
			isa = XCBuildConfiguration;
			buildSettings = {
				ALWAYS_SEARCH_USER_PATHS = NO;
				CLANG_ANALYZER_NONNULL = YES;
				CLANG_ANALYZER_NUMBER_OBJECT_CONVERSION = YES_AGGRESSIVE;
				CLANG_CXX_LANGUAGE_STANDARD = "gnu++14";
				CLANG_CXX_LIBRARY = "libc++";
				CLANG_ENABLE_MODULES = YES;
				CLANG_ENABLE_OBJC_ARC = YES;
				CLANG_ENABLE_OBJC_WEAK = YES;
				CLANG_WARN_BLOCK_CAPTURE_AUTORELEASING = YES;
				CLANG_WARN_BOOL_CONVERSION = YES;
				CLANG_WARN_COMMA = YES;
				CLANG_WARN_CONSTANT_CONVERSION = YES;
				CLANG_WARN_DEPRECATED_OBJC_IMPLEMENTATIONS = YES;
				CLANG_WARN_DIRECT_OBJC_ISA_USAGE = YES_ERROR;
				CLANG_WARN_DOCUMENTATION_COMMENTS = YES;
				CLANG_WARN_EMPTY_BODY = YES;
				CLANG_WARN_ENUM_CONVERSION = YES;
				CLANG_WARN_INFINITE_RECURSION = YES;
				CLANG_WARN_INT_CONVERSION = YES;
				CLANG_WARN_NON_LITERAL_NULL_CONVERSION = YES;
				CLANG_WARN_OBJC_IMPLICIT_RETAIN_SELF = YES;
				CLANG_WARN_OBJC_LITERAL_CONVERSION = YES;
				CLANG_WARN_OBJC_ROOT_CLASS = YES_ERROR;
				CLANG_WARN_RANGE_LOOP_ANALYSIS = YES;
				CLANG_WARN_STRICT_PROTOTYPES = YES;
				CLANG_WARN_SUSPICIOUS_MOVE = YES;
				CLANG_WARN_UNGUARDED_AVAILABILITY = YES_AGGRESSIVE;
				CLANG_WARN_UNREACHABLE_CODE = YES;
				CLANG_WARN__DUPLICATE_METHOD_MATCH = YES;
				COPY_PHASE_STRIP = NO;
				DEBUG_INFORMATION_FORMAT = "dwarf-with-dsym";
				ENABLE_NS_ASSERTIONS = NO;
				ENABLE_STRICT_OBJC_MSGSEND = YES;
				GCC_C_LANGUAGE_STANDARD = gnu11;
				GCC_NO_COMMON_BLOCKS = YES;
				GCC_WARN_64_TO_32_BIT_CONVERSION = YES;
				GCC_WARN_ABOUT_RETURN_TYPE = YES_ERROR;
				GCC_WARN_UNDECLARED_SELECTOR = YES;
				GCC_WARN_UNINITIALIZED_AUTOS = YES_AGGRESSIVE;
				GCC_WARN_UNUSED_FUNCTION = YES;
				GCC_WARN_UNUSED_VARIABLE = YES;
				IPHONEOS_DEPLOYMENT_TARGET = 13.6;
				MTL_ENABLE_DEBUG_INFO = NO;
				MTL_FAST_MATH = YES;
				SDKROOT = iphoneos;
				SWIFT_COMPILATION_MODE = wholemodule;
				SWIFT_OPTIMIZATION_LEVEL = "-O";
				VALIDATE_PRODUCT = YES;
			};
			name = Release;
		};
		FDE8AE5324FE003700DC690D /* Debug */ = {
			isa = XCBuildConfiguration;
			baseConfigurationReference = 48C46559DB43971FA6FBEEB5 /* Pods-life_bookstore.debug.xcconfig */;

			buildSettings = {
				ASSETCATALOG_COMPILER_APPICON_NAME = AppIcon;
				CODE_SIGN_STYLE = Automatic;
				DEVELOPMENT_TEAM = L9D5M5DM3Y;
				INFOPLIST_FILE = life_bookstore/Info.plist;
				LD_RUNPATH_SEARCH_PATHS = (
					"$(inherited)",
					"@executable_path/Frameworks",
				);
				PRODUCT_BUNDLE_IDENTIFIER = "kone.life-bookstore";
				PRODUCT_NAME = "$(TARGET_NAME)";
				SWIFT_VERSION = 5.0;
				TARGETED_DEVICE_FAMILY = "1,2";
			};
			name = Debug;
		};
		FDE8AE5424FE003700DC690D /* Release */ = {
			isa = XCBuildConfiguration;
			baseConfigurationReference = 79AFBCE7BC67CD4B77A621AB /* Pods-life_bookstore.release.xcconfig */;

			buildSettings = {
				ASSETCATALOG_COMPILER_APPICON_NAME = AppIcon;
				CODE_SIGN_STYLE = Automatic;
				DEVELOPMENT_TEAM = L9D5M5DM3Y;
				INFOPLIST_FILE = life_bookstore/Info.plist;
				LD_RUNPATH_SEARCH_PATHS = (
					"$(inherited)",
					"@executable_path/Frameworks",
				);
				PRODUCT_BUNDLE_IDENTIFIER = "kone.life-bookstore";
				PRODUCT_NAME = "$(TARGET_NAME)";
				SWIFT_VERSION = 5.0;
				TARGETED_DEVICE_FAMILY = "1,2";
			};
			name = Release;
		};
/* End XCBuildConfiguration section */

/* Begin XCConfigurationList section */
		FDE8AE3924FE003400DC690D /* Build configuration list for PBXProject "life_bookstore" */ = {
			isa = XCConfigurationList;
			buildConfigurations = (
				FDE8AE5024FE003700DC690D /* Debug */,
				FDE8AE5124FE003700DC690D /* Release */,
			);
			defaultConfigurationIsVisible = 0;
			defaultConfigurationName = Release;
		};
		FDE8AE5224FE003700DC690D /* Build configuration list for PBXNativeTarget "life_bookstore" */ = {
			isa = XCConfigurationList;
			buildConfigurations = (
				FDE8AE5324FE003700DC690D /* Debug */,
				FDE8AE5424FE003700DC690D /* Release */,
			);
			defaultConfigurationIsVisible = 0;
			defaultConfigurationName = Release;
		};
/* End XCConfigurationList section */
	};
	rootObject = FDE8AE3624FE003400DC690D /* Project object */;
}
